
Microsoft Visual Studio Solution File, Format Version 12.00
# Visual Studio Version 16
VisualStudioVersion = 16.0.30717.126
MinimumVisualStudioVersion = 10.0.40219.1
Project("{FAE04EC0-301F-11D3-BF4B-00C04F79EFBC}") = "FlowerRecognition.Model", "FlowerRecognition.Model\FlowerRecognition.Model.csproj", "{5C86E0E8-9BD4-4AFD-A4D6-B28BCF6FE407}"
EndProject
Project("{FAE04EC0-301F-11D3-BF4B-00C04F79EFBC}") = "FlowerRecongnition.ConsoleApp", "FlowerRecongnition.ConsoleApp\FlowerRecongnition.ConsoleApp.csproj", "{C494BA9A-DC0B-4E1B-9598-999B3F4018BA}"
EndProject
Global
	GlobalSection(SolutionConfigurationPlatforms) = preSolution
		Debug|Any CPU = Debug|Any CPU
		Release|Any CPU = Release|Any CPU
	EndGlobalSection
	GlobalSection(ProjectConfigurationPlatforms) = postSolution
		{5C86E0E8-9BD4-4AFD-A4D6-B28BCF6FE407}.Debug|Any CPU.ActiveCfg = Debug|Any CPU
		{5C86E0E8-9BD4-4AFD-A4D6-B28BCF6FE407}.Debug|Any CPU.Build.0 = Debug|Any CPU
		{5C86E0E8-9BD4-4AFD-A4D6-B28BCF6FE407}.Release|Any CPU.ActiveCfg = Release|Any CPU
		{5C86E0E8-9BD4-4AFD-A4D6-B28BCF6FE407}.Release|Any CPU.Build.0 = Release|Any CPU
		{C494BA9A-DC0B-4E1B-9598-999B3F4018BA}.Debug|Any CPU.ActiveCfg = Debug|Any CPU
		{C494BA9A-DC0B-4E1B-9598-999B3F4018BA}.Debug|Any CPU.Build.0 = Debug|Any CPU
		{C494BA9A-DC0B-4E1B-9598-999B3F4018BA}.Release|Any CPU.ActiveCfg = Release|Any CPU
		{C494BA9A-DC0B-4E1B-9598-999B3F4018BA}.Release|Any CPU.Build.0 = Release|Any CPU
	EndGlobalSection
	GlobalSection(SolutionProperties) = preSolution
		HideSolutionNode = FALSE
	EndGlobalSection
	GlobalSection(ExtensibilityGlobals) = postSolution
		SolutionGuid = {C7EEE3E5-084C-4CED-B83C-784E86A36379}
	EndGlobalSection
EndGlobal
